
Microsoft Visual Studio Solution File, Format Version 12.00
# Visual Studio Version 17
VisualStudioVersion = 17.2.32616.157
MinimumVisualStudioVersion = 10.0.40219.1
Project("{FAE04EC0-301F-11D3-BF4B-00C04F79EFBC}") = "Lesson_1", "Lesson_1\Lesson_1.csproj", "{EB35603F-A1D6-4867-BAC1-812D26D3F226}"
EndProject
Project("{FAE04EC0-301F-11D3-BF4B-00C04F79EFBC}") = "Lesson_2", "Lesson_2\Lesson_2.csproj", "{46E26A9E-3E33-4B18-8D3E-7A594D44CF02}"
EndProject
Project("{FAE04EC0-301F-11D3-BF4B-00C04F79EFBC}") = "Lesson_3", "Lesson_3\Lesson_3.csproj", "{6AFC274F-88AC-4F30-A9C6-2173E8E0E906}"
EndProject
Project("{FAE04EC0-301F-11D3-BF4B-00C04F79EFBC}") = "Lesson4", "Lesson4\Lesson4.csproj", "{FEA56F7C-341B-4D27-B1EE-BAB3C5C75A26}"
EndProject
Project("{FAE04EC0-301F-11D3-BF4B-00C04F79EFBC}") = "HashTabLibrary", "HashTabLibrary\HashTabLibrary.csproj", "{D4856D7D-4C80-4AC5-A96C-0DB49C162908}"
EndProject
Project("{FAE04EC0-301F-11D3-BF4B-00C04F79EFBC}") = "BuilderLibrary", "BuilderLibrary\BuilderLibrary.csproj", "{6CB9453E-2D79-4495-B140-D62F3B7F59CB}"
EndProject
Project("{9A19103F-16F7-4668-BE54-9A1E7A4F7556}") = "Lesson_5", "Lesson_5\Lesson_5.csproj", "{F944AD18-D33A-458A-8AD1-C6B7C10964F7}"
EndProject
Project("{FAE04EC0-301F-11D3-BF4B-00C04F79EFBC}") = "Lesson_6", "Lesson_6\Lesson_6.csproj", "{6314D7F8-AB10-4A9D-94D1-95E701466649}"
EndProject
Global
	GlobalSection(SolutionConfigurationPlatforms) = preSolution
		Debug|Any CPU = Debug|Any CPU
		Release|Any CPU = Release|Any CPU
	EndGlobalSection
	GlobalSection(ProjectConfigurationPlatforms) = postSolution
		{EB35603F-A1D6-4867-BAC1-812D26D3F226}.Debug|Any CPU.ActiveCfg = Debug|Any CPU
		{EB35603F-A1D6-4867-BAC1-812D26D3F226}.Debug|Any CPU.Build.0 = Debug|Any CPU
		{EB35603F-A1D6-4867-BAC1-812D26D3F226}.Release|Any CPU.ActiveCfg = Release|Any CPU
		{EB35603F-A1D6-4867-BAC1-812D26D3F226}.Release|Any CPU.Build.0 = Release|Any CPU
		{46E26A9E-3E33-4B18-8D3E-7A594D44CF02}.Debug|Any CPU.ActiveCfg = Debug|Any CPU
		{46E26A9E-3E33-4B18-8D3E-7A594D44CF02}.Debug|Any CPU.Build.0 = Debug|Any CPU
		{46E26A9E-3E33-4B18-8D3E-7A594D44CF02}.Release|Any CPU.ActiveCfg = Release|Any CPU
		{46E26A9E-3E33-4B18-8D3E-7A594D44CF02}.Release|Any CPU.Build.0 = Release|Any CPU
		{6AFC274F-88AC-4F30-A9C6-2173E8E0E906}.Debug|Any CPU.ActiveCfg = Debug|Any CPU
		{6AFC274F-88AC-4F30-A9C6-2173E8E0E906}.Debug|Any CPU.Build.0 = Debug|Any CPU
		{6AFC274F-88AC-4F30-A9C6-2173E8E0E906}.Release|Any CPU.ActiveCfg = Release|Any CPU
		{6AFC274F-88AC-4F30-A9C6-2173E8E0E906}.Release|Any CPU.Build.0 = Release|Any CPU
		{FEA56F7C-341B-4D27-B1EE-BAB3C5C75A26}.Debug|Any CPU.ActiveCfg = Debug|Any CPU
		{FEA56F7C-341B-4D27-B1EE-BAB3C5C75A26}.Debug|Any CPU.Build.0 = Debug|Any CPU
		{FEA56F7C-341B-4D27-B1EE-BAB3C5C75A26}.Release|Any CPU.ActiveCfg = Release|Any CPU
		{FEA56F7C-341B-4D27-B1EE-BAB3C5C75A26}.Release|Any CPU.Build.0 = Release|Any CPU
		{D4856D7D-4C80-4AC5-A96C-0DB49C162908}.Debug|Any CPU.ActiveCfg = Debug|Any CPU
		{D4856D7D-4C80-4AC5-A96C-0DB49C162908}.Debug|Any CPU.Build.0 = Debug|Any CPU
		{D4856D7D-4C80-4AC5-A96C-0DB49C162908}.Release|Any CPU.ActiveCfg = Release|Any CPU
		{D4856D7D-4C80-4AC5-A96C-0DB49C162908}.Release|Any CPU.Build.0 = Release|Any CPU
		{6CB9453E-2D79-4495-B140-D62F3B7F59CB}.Debug|Any CPU.ActiveCfg = Debug|Any CPU
		{6CB9453E-2D79-4495-B140-D62F3B7F59CB}.Debug|Any CPU.Build.0 = Debug|Any CPU
		{6CB9453E-2D79-4495-B140-D62F3B7F59CB}.Release|Any CPU.ActiveCfg = Release|Any CPU
		{6CB9453E-2D79-4495-B140-D62F3B7F59CB}.Release|Any CPU.Build.0 = Release|Any CPU
		{F944AD18-D33A-458A-8AD1-C6B7C10964F7}.Debug|Any CPU.ActiveCfg = Debug|Any CPU
		{F944AD18-D33A-458A-8AD1-C6B7C10964F7}.Debug|Any CPU.Build.0 = Debug|Any CPU
		{F944AD18-D33A-458A-8AD1-C6B7C10964F7}.Release|Any CPU.ActiveCfg = Release|Any CPU
		{F944AD18-D33A-458A-8AD1-C6B7C10964F7}.Release|Any CPU.Build.0 = Release|Any CPU
		{6314D7F8-AB10-4A9D-94D1-95E701466649}.Debug|Any CPU.ActiveCfg = Debug|Any CPU
		{6314D7F8-AB10-4A9D-94D1-95E701466649}.Debug|Any CPU.Build.0 = Debug|Any CPU
		{6314D7F8-AB10-4A9D-94D1-95E701466649}.Release|Any CPU.ActiveCfg = Release|Any CPU
		{6314D7F8-AB10-4A9D-94D1-95E701466649}.Release|Any CPU.Build.0 = Release|Any CPU
	EndGlobalSection
	GlobalSection(SolutionProperties) = preSolution
		HideSolutionNode = FALSE
	EndGlobalSection
	GlobalSection(ExtensibilityGlobals) = postSolution
		SolutionGuid = {FE4F0E71-24EB-444F-BA98-881A36A6811C}
	EndGlobalSection
EndGlobal
