
Microsoft Visual Studio Solution File, Format Version 12.00
# Visual Studio Version 17
VisualStudioVersion = 17.2.32616.157
MinimumVisualStudioVersion = 10.0.40219.1
Project("{FAE04EC0-301F-11D3-BF4B-00C04F79EFBC}") = "Lesson_1", "Lesson_1\Lesson_1.csproj", "{EB35603F-A1D6-4867-BAC1-812D26D3F226}"
EndProject
Project("{FAE04EC0-301F-11D3-BF4B-00C04F79EFBC}") = "Lesson_2", "Lesson_2\Lesson_2.csproj", "{46E26A9E-3E33-4B18-8D3E-7A594D44CF02}"
EndProject
Project("{FAE04EC0-301F-11D3-BF4B-00C04F79EFBC}") = "Lesson_3", "Lesson_3\Lesson_3.csproj", "{6AFC274F-88AC-4F30-A9C6-2173E8E0E906}"
EndProject
Global
	GlobalSection(SolutionConfigurationPlatforms) = preSolution
		Debug|Any CPU = Debug|Any CPU
		Release|Any CPU = Release|Any CPU
	EndGlobalSection
	GlobalSection(ProjectConfigurationPlatforms) = postSolution
		{EB35603F-A1D6-4867-BAC1-812D26D3F226}.Debug|Any CPU.ActiveCfg = Debug|Any CPU
		{EB35603F-A1D6-4867-BAC1-812D26D3F226}.Debug|Any CPU.Build.0 = Debug|Any CPU
		{EB35603F-A1D6-4867-BAC1-812D26D3F226}.Release|Any CPU.ActiveCfg = Release|Any CPU
		{EB35603F-A1D6-4867-BAC1-812D26D3F226}.Release|Any CPU.Build.0 = Release|Any CPU
		{46E26A9E-3E33-4B18-8D3E-7A594D44CF02}.Debug|Any CPU.ActiveCfg = Debug|Any CPU
		{46E26A9E-3E33-4B18-8D3E-7A594D44CF02}.Debug|Any CPU.Build.0 = Debug|Any CPU
		{46E26A9E-3E33-4B18-8D3E-7A594D44CF02}.Release|Any CPU.ActiveCfg = Release|Any CPU
		{46E26A9E-3E33-4B18-8D3E-7A594D44CF02}.Release|Any CPU.Build.0 = Release|Any CPU
		{6AFC274F-88AC-4F30-A9C6-2173E8E0E906}.Debug|Any CPU.ActiveCfg = Debug|Any CPU
		{6AFC274F-88AC-4F30-A9C6-2173E8E0E906}.Debug|Any CPU.Build.0 = Debug|Any CPU
		{6AFC274F-88AC-4F30-A9C6-2173E8E0E906}.Release|Any CPU.ActiveCfg = Release|Any CPU
		{6AFC274F-88AC-4F30-A9C6-2173E8E0E906}.Release|Any CPU.Build.0 = Release|Any CPU
	EndGlobalSection
	GlobalSection(SolutionProperties) = preSolution
		HideSolutionNode = FALSE
	EndGlobalSection
	GlobalSection(ExtensibilityGlobals) = postSolution
		SolutionGuid = {FE4F0E71-24EB-444F-BA98-881A36A6811C}
	EndGlobalSection
EndGlobal
